
Microsoft Visual Studio Solution File, Format Version 12.00
# Visual Studio Version 17
VisualStudioVersion = 17.13.35931.197 d17.13
MinimumVisualStudioVersion = 10.0.40219.1
Project("{FAE04EC0-301F-11D3-BF4B-00C04F79EFBC}") = "ConsoleApp6", "ConsoleApp6\ConsoleApp6.csproj", "{DAE7A369-5DD4-4F2F-85E6-55582A49F708}"
EndProject
Global
	GlobalSection(SolutionConfigurationPlatforms) = preSolution
		Debug|Any CPU = Debug|Any CPU
		Release|Any CPU = Release|Any CPU
	EndGlobalSection
	GlobalSection(ProjectConfigurationPlatforms) = postSolution
		{DAE7A369-5DD4-4F2F-85E6-55582A49F708}.Debug|Any CPU.ActiveCfg = Debug|Any CPU
		{DAE7A369-5DD4-4F2F-85E6-55582A49F708}.Debug|Any CPU.Build.0 = Debug|Any CPU
		{DAE7A369-5DD4-4F2F-85E6-55582A49F708}.Release|Any CPU.ActiveCfg = Release|Any CPU
		{DAE7A369-5DD4-4F2F-85E6-55582A49F708}.Release|Any CPU.Build.0 = Release|Any CPU
	EndGlobalSection
	GlobalSection(SolutionProperties) = preSolution
		HideSolutionNode = FALSE
	EndGlobalSection
	GlobalSection(ExtensibilityGlobals) = postSolution
		SolutionGuid = {E68ABA22-6BEE-48EB-9B2C-FB2482F5C192}
	EndGlobalSection
EndGlobal
